
Microsoft Visual Studio Solution File, Format Version 12.00
# Visual Studio Version 17
VisualStudioVersion = 17.6.33829.357
MinimumVisualStudioVersion = 10.0.40219.1
Project("{FAE04EC0-301F-11D3-BF4B-00C04F79EFBC}") = "Atividade02-CONSOLE", "Atividade02-CONSOLE\Atividade02-CONSOLE.csproj", "{5062DC3E-3F2A-40D4-A362-F774F535523F}"
EndProject
Global
	GlobalSection(SolutionConfigurationPlatforms) = preSolution
		Debug|Any CPU = Debug|Any CPU
		Release|Any CPU = Release|Any CPU
	EndGlobalSection
	GlobalSection(ProjectConfigurationPlatforms) = postSolution
		{5062DC3E-3F2A-40D4-A362-F774F535523F}.Debug|Any CPU.ActiveCfg = Debug|Any CPU
		{5062DC3E-3F2A-40D4-A362-F774F535523F}.Debug|Any CPU.Build.0 = Debug|Any CPU
		{5062DC3E-3F2A-40D4-A362-F774F535523F}.Release|Any CPU.ActiveCfg = Release|Any CPU
		{5062DC3E-3F2A-40D4-A362-F774F535523F}.Release|Any CPU.Build.0 = Release|Any CPU
	EndGlobalSection
	GlobalSection(SolutionProperties) = preSolution
		HideSolutionNode = FALSE
	EndGlobalSection
	GlobalSection(ExtensibilityGlobals) = postSolution
		SolutionGuid = {B2C75F6E-1C91-4BFD-BF5C-81C9018AE761}
	EndGlobalSection
EndGlobal
