
Microsoft Visual Studio Solution File, Format Version 12.00
# Visual Studio Version 17
VisualStudioVersion = 17.6.33829.357
MinimumVisualStudioVersion = 10.0.40219.1
Project("{FAE04EC0-301F-11D3-BF4B-00C04F79EFBC}") = "Atividade03-CONSOLE", "Atividade03-CONSOLE\Atividade03-CONSOLE.csproj", "{FC5D8794-3582-4C0E-B4B0-672232C78AF3}"
EndProject
Global
	GlobalSection(SolutionConfigurationPlatforms) = preSolution
		Debug|Any CPU = Debug|Any CPU
		Release|Any CPU = Release|Any CPU
	EndGlobalSection
	GlobalSection(ProjectConfigurationPlatforms) = postSolution
		{FC5D8794-3582-4C0E-B4B0-672232C78AF3}.Debug|Any CPU.ActiveCfg = Debug|Any CPU
		{FC5D8794-3582-4C0E-B4B0-672232C78AF3}.Debug|Any CPU.Build.0 = Debug|Any CPU
		{FC5D8794-3582-4C0E-B4B0-672232C78AF3}.Release|Any CPU.ActiveCfg = Release|Any CPU
		{FC5D8794-3582-4C0E-B4B0-672232C78AF3}.Release|Any CPU.Build.0 = Release|Any CPU
	EndGlobalSection
	GlobalSection(SolutionProperties) = preSolution
		HideSolutionNode = FALSE
	EndGlobalSection
	GlobalSection(ExtensibilityGlobals) = postSolution
		SolutionGuid = {129EFB93-EBDC-4729-950B-7E17DBAC1ACC}
	EndGlobalSection
EndGlobal
